{
  "version": 4,
  "terraform_version": "0.14.8",
  "serial": 10,
  "lineage": "ef26cb92-872a-8a38-b096-44b99d4e5d9a",
  "outputs": {},
  "resources": [
    {
      "module": "module.boundary_starter_org",
      "mode": "managed",
      "type": "boundary_account",
      "name": "myuser",
      "provider": "provider[\"registry.terraform.io/hashicorp/boundary\"]",
      "instances": [
        {
          "schema_version": 0,
          "attributes": {
            "auth_method_id": "ampw_v8oclmqppI",
            "description": "Admin user for initial configuration",
            "id": "apw_M56sgDd4cs",
            "login_name": "admin",
            "name": "admin",
            "password": "foofoofoo",
            "type": "password"
          },
          "sensitive_attributes": [],
          "private": "bnVsbA==",
          "dependencies": [
            "module.boundary_starter_org.boundary_auth_method.password",
            "module.boundary_starter_org.boundary_scope.org"
          ]
        }
      ]
    },
    {
      "module": "module.boundary_starter_org",
      "mode": "managed",
      "type": "boundary_auth_method",
      "name": "password",
      "provider": "provider[\"registry.terraform.io/hashicorp/boundary\"]",
      "instances": [
        {
          "schema_version": 0,
          "attributes": {
            "description": "Password auth method",
            "id": "ampw_v8oclmqppI",
            "min_login_name_length": 3,
            "min_password_length": 8,
            "name": "password_auth_method",
            "scope_id": "o_vvypvLZYlq",
            "type": "password"
          },
          "sensitive_attributes": [],
          "private": "bnVsbA==",
          "dependencies": [
            "module.boundary_starter_org.boundary_scope.org"
          ]
        }
      ]
    },
    {
      "module": "module.boundary_starter_org",
      "mode": "managed",
      "type": "boundary_role",
      "name": "global_anon_listing",
      "provider": "provider[\"registry.terraform.io/hashicorp/boundary\"]",
      "instances": [
        {
          "schema_version": 0,
          "attributes": {
            "default_role": null,
            "description": "",
            "grant_scope_id": "global",
            "grant_strings": [
              "id=*;type=auth-method;actions=list,authenticate",
              "id=*;type=scope;actions=list,read",
              "id={{account.id}};actions=read,change-password"
            ],
            "id": "r_ifIpxNh25V",
            "name": "",
            "principal_ids": [
              "u_anon"
            ],
            "scope_id": "global"
          },
          "sensitive_attributes": [],
          "private": "bnVsbA=="
        }
      ]
    },
    {
      "module": "module.boundary_starter_org",
      "mode": "managed",
      "type": "boundary_role",
      "name": "org_admin",
      "provider": "provider[\"registry.terraform.io/hashicorp/boundary\"]",
      "instances": [
        {
          "schema_version": 0,
          "attributes": {
            "default_role": null,
            "description": "",
            "grant_scope_id": "o_vvypvLZYlq",
            "grant_strings": [
              "id=*;type=*;actions=*"
            ],
            "id": "r_ebAmI6TGhS",
            "name": "",
            "principal_ids": [
              "u_7hvy6WbRNY"
            ],
            "scope_id": "global"
          },
          "sensitive_attributes": [],
          "private": "bnVsbA==",
          "dependencies": [
            "module.boundary_starter_org.boundary_account.myuser",
            "module.boundary_starter_org.boundary_auth_method.password",
            "module.boundary_starter_org.boundary_scope.org",
            "module.boundary_starter_org.boundary_user.myuser"
          ]
        }
      ]
    },
    {
      "module": "module.boundary_starter_org",
      "mode": "managed",
      "type": "boundary_role",
      "name": "org_anon_listing",
      "provider": "provider[\"registry.terraform.io/hashicorp/boundary\"]",
      "instances": [
        {
          "schema_version": 0,
          "attributes": {
            "default_role": null,
            "description": "",
            "grant_scope_id": "o_vvypvLZYlq",
            "grant_strings": [
              "id=*;type=auth-method;actions=list,authenticate",
              "id={{account.id}};actions=read,change-password",
              "type=scope;actions=list"
            ],
            "id": "r_OD7GTpnP73",
            "name": "",
            "principal_ids": [
              "u_anon"
            ],
            "scope_id": "o_vvypvLZYlq"
          },
          "sensitive_attributes": [],
          "private": "bnVsbA==",
          "dependencies": [
            "module.boundary_starter_org.boundary_scope.org"
          ]
        }
      ]
    },
    {
      "module": "module.boundary_starter_org",
      "mode": "managed",
      "type": "boundary_role",
      "name": "project_admin",
      "provider": "provider[\"registry.terraform.io/hashicorp/boundary\"]",
      "instances": [
        {
          "schema_version": 0,
          "attributes": {
            "default_role": null,
            "description": "",
            "grant_scope_id": "p_tglsHRKBoy",
            "grant_strings": [
              "id=*;type=*;actions=*"
            ],
            "id": "r_s0qoG0XAxO",
            "name": "",
            "principal_ids": [
              "u_7hvy6WbRNY"
            ],
            "scope_id": "o_vvypvLZYlq"
          },
          "sensitive_attributes": [],
          "private": "bnVsbA==",
          "dependencies": [
            "module.boundary_starter_org.boundary_account.myuser",
            "module.boundary_starter_org.boundary_auth_method.password",
            "module.boundary_starter_org.boundary_scope.org",
            "module.boundary_starter_org.boundary_scope.project",
            "module.boundary_starter_org.boundary_user.myuser"
          ]
        }
      ]
    },
    {
      "module": "module.boundary_starter_org",
      "mode": "managed",
      "type": "boundary_scope",
      "name": "org",
      "provider": "provider[\"registry.terraform.io/hashicorp/boundary\"]",
      "instances": [
        {
          "schema_version": 0,
          "attributes": {
            "auto_create_admin_role": false,
            "auto_create_default_role": false,
            "description": "Office Hours org scope",
            "global_scope": null,
            "id": "o_vvypvLZYlq",
            "name": "officehours",
            "scope_id": "global"
          },
          "sensitive_attributes": [],
          "private": "bnVsbA=="
        }
      ]
    },
    {
      "module": "module.boundary_starter_org",
      "mode": "managed",
      "type": "boundary_scope",
      "name": "project",
      "provider": "provider[\"registry.terraform.io/hashicorp/boundary\"]",
      "instances": [
        {
          "schema_version": 0,
          "attributes": {
            "auto_create_admin_role": false,
            "auto_create_default_role": false,
            "description": "Project for the Developer Advocates team",
            "global_scope": null,
            "id": "p_tglsHRKBoy",
            "name": "developeradvocates",
            "scope_id": "o_vvypvLZYlq"
          },
          "sensitive_attributes": [],
          "private": "bnVsbA==",
          "dependencies": [
            "module.boundary_starter_org.boundary_scope.org"
          ]
        }
      ]
    },
    {
      "module": "module.boundary_starter_org",
      "mode": "managed",
      "type": "boundary_user",
      "name": "myuser",
      "provider": "provider[\"registry.terraform.io/hashicorp/boundary\"]",
      "instances": [
        {
          "schema_version": 0,
          "attributes": {
            "account_ids": [
              "apw_M56sgDd4cs"
            ],
            "description": "admin",
            "id": "u_7hvy6WbRNY",
            "name": "admin",
            "scope_id": "o_vvypvLZYlq"
          },
          "sensitive_attributes": [],
          "private": "bnVsbA==",
          "dependencies": [
            "module.boundary_starter_org.boundary_account.myuser",
            "module.boundary_starter_org.boundary_auth_method.password",
            "module.boundary_starter_org.boundary_scope.org"
          ]
        }
      ]
    }
  ]
}
